
Microsoft Visual Studio Solution File, Format Version 12.00
# Visual Studio Version 17
VisualStudioVersion = 17.14.36511.14 d17.14
MinimumVisualStudioVersion = 10.0.40219.1
Project("{888888A0-9F3D-457C-B088-3A5042F75D52}") = "osseminar", "osseminar.pyproj", "{A8A9F2D7-B943-458A-A77F-E17D625896BB}"
EndProject
Global
	GlobalSection(SolutionConfigurationPlatforms) = preSolution
		Debug|Any CPU = Debug|Any CPU
		Release|Any CPU = Release|Any CPU
	EndGlobalSection
	GlobalSection(ProjectConfigurationPlatforms) = postSolution
		{A8A9F2D7-B943-458A-A77F-E17D625896BB}.Debug|Any CPU.ActiveCfg = Debug|Any CPU
		{A8A9F2D7-B943-458A-A77F-E17D625896BB}.Release|Any CPU.ActiveCfg = Release|Any CPU
	EndGlobalSection
	GlobalSection(SolutionProperties) = preSolution
		HideSolutionNode = FALSE
	EndGlobalSection
	GlobalSection(ExtensibilityGlobals) = postSolution
		SolutionGuid = {DA6992D9-8527-4AEA-B597-A683381B7EDF}
	EndGlobalSection
EndGlobal
